
Microsoft Visual Studio Solution File, Format Version 12.00
# Visual Studio Version 17
VisualStudioVersion = 17.5.33502.453
MinimumVisualStudioVersion = 10.0.40219.1
Project("{8BC9CEB8-8B4A-11D0-8D11-00A0C91BC942}") = "BrickBreakerGame", "BrickBreakerGame\BrickBreakerGame.vcxproj", "{DEEA88CB-6FEA-4FC4-B241-AB15C8A13B65}"
EndProject
Global
	GlobalSection(SolutionConfigurationPlatforms) = preSolution
		Debug|x64 = Debug|x64
		Debug|x86 = Debug|x86
		Release|x64 = Release|x64
		Release|x86 = Release|x86
	EndGlobalSection
	GlobalSection(ProjectConfigurationPlatforms) = postSolution
		{DEEA88CB-6FEA-4FC4-B241-AB15C8A13B65}.Debug|x64.ActiveCfg = Debug|x64
		{DEEA88CB-6FEA-4FC4-B241-AB15C8A13B65}.Debug|x64.Build.0 = Debug|x64
		{DEEA88CB-6FEA-4FC4-B241-AB15C8A13B65}.Debug|x86.ActiveCfg = Debug|Win32
		{DEEA88CB-6FEA-4FC4-B241-AB15C8A13B65}.Debug|x86.Build.0 = Debug|Win32
		{DEEA88CB-6FEA-4FC4-B241-AB15C8A13B65}.Release|x64.ActiveCfg = Release|x64
		{DEEA88CB-6FEA-4FC4-B241-AB15C8A13B65}.Release|x64.Build.0 = Release|x64
		{DEEA88CB-6FEA-4FC4-B241-AB15C8A13B65}.Release|x86.ActiveCfg = Release|Win32
		{DEEA88CB-6FEA-4FC4-B241-AB15C8A13B65}.Release|x86.Build.0 = Release|Win32
	EndGlobalSection
	GlobalSection(SolutionProperties) = preSolution
		HideSolutionNode = FALSE
	EndGlobalSection
	GlobalSection(ExtensibilityGlobals) = postSolution
		SolutionGuid = {79EA0F1B-2CC2-457E-9562-66840EDE500D}
	EndGlobalSection
EndGlobal
